# This file is automatically @generated by Cargo.
# It is not intended for manual editing.
version = 4

[[package]]
name = "sbos-boot"
version = "0.1.0"

[[package]]
name = "sbos-kernel"
version = "0.1.0"

[[package]]
name = "sbos-posix"
version = "0.1.0"
dependencies = [
 "sbos-runtime",
]

[[package]]
name = "sbos-runtime"
version = "0.1.0"
